Microsoft Visual Studio Solution File, Format Version 11.00
# Visual Studio 2008

Project("{D1AD0149-10A9-425C-AC9B-3A70E09C0552}") = "SuperSpookySantaShooter2D", "Assembly-CSharp.csproj", "{B4AAF5EE-8F1C-CEED-F9BB-4F3F0F9C818B}"
EndProject
Global
	GlobalSection(SolutionConfigurationPlatforms) = preSolution
		Debug|Any CPU = Debug|Any CPU
		Release|Any CPU = Release|Any CPU
	EndGlobalSection
	GlobalSection(ProjectConfigurationPlatforms) = postSolution
		{B4AAF5EE-8F1C-CEED-F9BB-4F3F0F9C818B}.Debug|Any CPU.ActiveCfg = Debug|Any CPU
		{B4AAF5EE-8F1C-CEED-F9BB-4F3F0F9C818B}.Debug|Any CPU.Build.0 = Debug|Any CPU
		{B4AAF5EE-8F1C-CEED-F9BB-4F3F0F9C818B}.Release|Any CPU.ActiveCfg = Release|Any CPU
		{B4AAF5EE-8F1C-CEED-F9BB-4F3F0F9C818B}.Release|Any CPU.Build.0 = Release|Any CPU
	EndGlobalSection
	GlobalSection(SolutionProperties) = preSolution
		HideSolutionNode = FALSE
	EndGlobalSection
	GlobalSection(MonoDevelopProperties) = preSolution
		StartupItem = Assembly-CSharp.csproj
	EndGlobalSection
EndGlobal
